
Microsoft Visual Studio Solution File, Format Version 12.00
# Visual Studio 15
VisualStudioVersion = 15.0.28307.779
MinimumVisualStudioVersion = 10.0.40219.1
Project("{9A19103F-16F7-4668-BE54-9A1E7A4F7556}") = "Crayon", "Crayon\Crayon.csproj", "{2692F380-7894-444C-8041-13C29401A3F4}"
EndProject
Project("{9A19103F-16F7-4668-BE54-9A1E7A4F7556}") = "Exporter", "Exporter\Exporter.csproj", "{D107DF3F-BDD9-45D0-9095-6BF932B4B013}"
EndProject
Project("{9A19103F-16F7-4668-BE54-9A1E7A4F7556}") = "AssemblyResolver", "AssemblyResolver\AssemblyResolver.csproj", "{102E4B64-D1A2-406D-A681-F576C0E79227}"
EndProject
Project("{9A19103F-16F7-4668-BE54-9A1E7A4F7556}") = "Build", "Build\Build.csproj", "{C81C02CB-1215-461E-B678-A6BFAC1273FB}"
EndProject
Project("{9A19103F-16F7-4668-BE54-9A1E7A4F7556}") = "Common", "Common\Common.csproj", "{4F183B8A-4AAF-4F79-BEB5-3447F71B6982}"
EndProject
Project("{9A19103F-16F7-4668-BE54-9A1E7A4F7556}") = "CommonUtil", "CommonUtil\CommonUtil.csproj", "{4F464481-A3A1-4A4C-9B32-F7DE95AD5F06}"
EndProject
Project("{9A19103F-16F7-4668-BE54-9A1E7A4F7556}") = "Localization", "Localization\Localization.csproj", "{E859DF0A-5DEE-430D-9CB2-2ACC653BD228}"
EndProject
Project("{9A19103F-16F7-4668-BE54-9A1E7A4F7556}") = "Parser", "Parser\Parser.csproj", "{B2C9F88F-AC4E-4878-A42A-A4D4B56276B5}"
EndProject
Project("{9A19103F-16F7-4668-BE54-9A1E7A4F7556}") = "Platform", "Platform\Platform.csproj", "{17809F2D-8849-4E63-B26B-CE3C3EC15F30}"
EndProject
Project("{2150E333-8FDC-42A3-9474-1A3956D46DE8}") = "Platforms", "Platforms", "{09EA2908-E7DA-44F6-9E8C-482F53A0B067}"
EndProject
Project("{FAE04EC0-301F-11D3-BF4B-00C04F79EFBC}") = "JavaApp", "Platforms\JavaApp\JavaApp.csproj", "{D70D65FB-89A6-4F2A-A155-0074EF1F3B90}"
EndProject
Project("{FAE04EC0-301F-11D3-BF4B-00C04F79EFBC}") = "CSharpApp", "Platforms\CSharpApp\CSharpApp.csproj", "{6FEDFAFC-14F1-4382-85D8-A5311BF4A1FC}"
EndProject
Project("{FAE04EC0-301F-11D3-BF4B-00C04F79EFBC}") = "JavaScriptApp", "Platforms\JavaScriptApp\JavaScriptApp.csproj", "{40B0DE32-E7B8-42D3-99A7-B22816092F32}"
EndProject
Project("{FAE04EC0-301F-11D3-BF4B-00C04F79EFBC}") = "PythonApp", "Platforms\PythonApp\PythonApp.csproj", "{545BE2A3-C445-4A95-A362-F1410ED7A535}"
EndProject
Project("{FAE04EC0-301F-11D3-BF4B-00C04F79EFBC}") = "JavaScriptAppAndroid", "Platforms\JavaScriptAppAndroid\JavaScriptAppAndroid.csproj", "{1DC98895-3C05-4283-AE9F-A5123C346AC0}"
EndProject
Project("{FAE04EC0-301F-11D3-BF4B-00C04F79EFBC}") = "JavaScriptAppIos", "Platforms\JavaScriptAppIos\JavaScriptAppIos.csproj", "{F3635ADE-6B61-4B39-8709-2373099AF74D}"
EndProject
Project("{FAE04EC0-301F-11D3-BF4B-00C04F79EFBC}") = "LangCSharp", "Platforms\LangCSharp\LangCSharp.csproj", "{787BECA4-349E-4303-8103-7700665BC376}"
EndProject
Project("{FAE04EC0-301F-11D3-BF4B-00C04F79EFBC}") = "LangJava", "Platforms\LangJava\LangJava.csproj", "{CA4688B3-01E2-47D6-9DF1-53FB58DED5CA}"
EndProject
Project("{FAE04EC0-301F-11D3-BF4B-00C04F79EFBC}") = "LangJavaScript", "Platforms\LangJavaScript\LangJavaScript.csproj", "{2380C232-6BC9-4AC1-BFC0-757F3FBBF6CA}"
EndProject
Project("{FAE04EC0-301F-11D3-BF4B-00C04F79EFBC}") = "LangPhp", "Platforms\LangPhp\LangPhp.csproj", "{2A95E96A-C7A3-4950-B748-D109D93CB008}"
EndProject
Project("{FAE04EC0-301F-11D3-BF4B-00C04F79EFBC}") = "LangPython", "Platforms\LangPython\LangPython.csproj", "{DC71F204-7145-4D8D-B36C-F87F1AED7974}"
EndProject
Project("{FAE04EC0-301F-11D3-BF4B-00C04F79EFBC}") = "PhpServer", "Platforms\PhpServer\PhpServer.csproj", "{5701AC2E-E009-4A3B-B2C1-75DE864EF771}"
EndProject
Global
	GlobalSection(SolutionConfigurationPlatforms) = preSolution
		Debug|Any CPU = Debug|Any CPU
		Release|Any CPU = Release|Any CPU
	EndGlobalSection
	GlobalSection(ProjectConfigurationPlatforms) = postSolution
		{2692F380-7894-444C-8041-13C29401A3F4}.Debug|Any CPU.ActiveCfg = Debug|Any CPU
		{2692F380-7894-444C-8041-13C29401A3F4}.Debug|Any CPU.Build.0 = Debug|Any CPU
		{2692F380-7894-444C-8041-13C29401A3F4}.Release|Any CPU.ActiveCfg = Release|Any CPU
		{2692F380-7894-444C-8041-13C29401A3F4}.Release|Any CPU.Build.0 = Release|Any CPU
		{D107DF3F-BDD9-45D0-9095-6BF932B4B013}.Debug|Any CPU.ActiveCfg = Debug|Any CPU
		{D107DF3F-BDD9-45D0-9095-6BF932B4B013}.Debug|Any CPU.Build.0 = Debug|Any CPU
		{D107DF3F-BDD9-45D0-9095-6BF932B4B013}.Release|Any CPU.ActiveCfg = Release|Any CPU
		{D107DF3F-BDD9-45D0-9095-6BF932B4B013}.Release|Any CPU.Build.0 = Release|Any CPU
		{102E4B64-D1A2-406D-A681-F576C0E79227}.Debug|Any CPU.ActiveCfg = Debug|Any CPU
		{102E4B64-D1A2-406D-A681-F576C0E79227}.Debug|Any CPU.Build.0 = Debug|Any CPU
		{102E4B64-D1A2-406D-A681-F576C0E79227}.Release|Any CPU.ActiveCfg = Release|Any CPU
		{102E4B64-D1A2-406D-A681-F576C0E79227}.Release|Any CPU.Build.0 = Release|Any CPU
		{C81C02CB-1215-461E-B678-A6BFAC1273FB}.Debug|Any CPU.ActiveCfg = Debug|Any CPU
		{C81C02CB-1215-461E-B678-A6BFAC1273FB}.Debug|Any CPU.Build.0 = Debug|Any CPU
		{C81C02CB-1215-461E-B678-A6BFAC1273FB}.Release|Any CPU.ActiveCfg = Release|Any CPU
		{C81C02CB-1215-461E-B678-A6BFAC1273FB}.Release|Any CPU.Build.0 = Release|Any CPU
		{4F183B8A-4AAF-4F79-BEB5-3447F71B6982}.Debug|Any CPU.ActiveCfg = Debug|Any CPU
		{4F183B8A-4AAF-4F79-BEB5-3447F71B6982}.Debug|Any CPU.Build.0 = Debug|Any CPU
		{4F183B8A-4AAF-4F79-BEB5-3447F71B6982}.Release|Any CPU.ActiveCfg = Release|Any CPU
		{4F183B8A-4AAF-4F79-BEB5-3447F71B6982}.Release|Any CPU.Build.0 = Release|Any CPU
		{4F464481-A3A1-4A4C-9B32-F7DE95AD5F06}.Debug|Any CPU.ActiveCfg = Debug|Any CPU
		{4F464481-A3A1-4A4C-9B32-F7DE95AD5F06}.Debug|Any CPU.Build.0 = Debug|Any CPU
		{4F464481-A3A1-4A4C-9B32-F7DE95AD5F06}.Release|Any CPU.ActiveCfg = Release|Any CPU
		{4F464481-A3A1-4A4C-9B32-F7DE95AD5F06}.Release|Any CPU.Build.0 = Release|Any CPU
		{E859DF0A-5DEE-430D-9CB2-2ACC653BD228}.Debug|Any CPU.ActiveCfg = Debug|Any CPU
		{E859DF0A-5DEE-430D-9CB2-2ACC653BD228}.Debug|Any CPU.Build.0 = Debug|Any CPU
		{E859DF0A-5DEE-430D-9CB2-2ACC653BD228}.Release|Any CPU.ActiveCfg = Release|Any CPU
		{E859DF0A-5DEE-430D-9CB2-2ACC653BD228}.Release|Any CPU.Build.0 = Release|Any CPU
		{B2C9F88F-AC4E-4878-A42A-A4D4B56276B5}.Debug|Any CPU.ActiveCfg = Debug|Any CPU
		{B2C9F88F-AC4E-4878-A42A-A4D4B56276B5}.Debug|Any CPU.Build.0 = Debug|Any CPU
		{B2C9F88F-AC4E-4878-A42A-A4D4B56276B5}.Release|Any CPU.ActiveCfg = Release|Any CPU
		{B2C9F88F-AC4E-4878-A42A-A4D4B56276B5}.Release|Any CPU.Build.0 = Release|Any CPU
		{17809F2D-8849-4E63-B26B-CE3C3EC15F30}.Debug|Any CPU.ActiveCfg = Debug|Any CPU
		{17809F2D-8849-4E63-B26B-CE3C3EC15F30}.Debug|Any CPU.Build.0 = Debug|Any CPU
		{17809F2D-8849-4E63-B26B-CE3C3EC15F30}.Release|Any CPU.ActiveCfg = Release|Any CPU
		{17809F2D-8849-4E63-B26B-CE3C3EC15F30}.Release|Any CPU.Build.0 = Release|Any CPU
		{D70D65FB-89A6-4F2A-A155-0074EF1F3B90}.Debug|Any CPU.ActiveCfg = Debug|Any CPU
		{D70D65FB-89A6-4F2A-A155-0074EF1F3B90}.Debug|Any CPU.Build.0 = Debug|Any CPU
		{D70D65FB-89A6-4F2A-A155-0074EF1F3B90}.Release|Any CPU.ActiveCfg = Release|Any CPU
		{D70D65FB-89A6-4F2A-A155-0074EF1F3B90}.Release|Any CPU.Build.0 = Release|Any CPU
		{6FEDFAFC-14F1-4382-85D8-A5311BF4A1FC}.Debug|Any CPU.ActiveCfg = Debug|Any CPU
		{6FEDFAFC-14F1-4382-85D8-A5311BF4A1FC}.Debug|Any CPU.Build.0 = Debug|Any CPU
		{6FEDFAFC-14F1-4382-85D8-A5311BF4A1FC}.Release|Any CPU.ActiveCfg = Release|Any CPU
		{6FEDFAFC-14F1-4382-85D8-A5311BF4A1FC}.Release|Any CPU.Build.0 = Release|Any CPU
		{40B0DE32-E7B8-42D3-99A7-B22816092F32}.Debug|Any CPU.ActiveCfg = Debug|Any CPU
		{40B0DE32-E7B8-42D3-99A7-B22816092F32}.Debug|Any CPU.Build.0 = Debug|Any CPU
		{40B0DE32-E7B8-42D3-99A7-B22816092F32}.Release|Any CPU.ActiveCfg = Release|Any CPU
		{40B0DE32-E7B8-42D3-99A7-B22816092F32}.Release|Any CPU.Build.0 = Release|Any CPU
		{545BE2A3-C445-4A95-A362-F1410ED7A535}.Debug|Any CPU.ActiveCfg = Debug|Any CPU
		{545BE2A3-C445-4A95-A362-F1410ED7A535}.Debug|Any CPU.Build.0 = Debug|Any CPU
		{545BE2A3-C445-4A95-A362-F1410ED7A535}.Release|Any CPU.ActiveCfg = Release|Any CPU
		{545BE2A3-C445-4A95-A362-F1410ED7A535}.Release|Any CPU.Build.0 = Release|Any CPU
		{1DC98895-3C05-4283-AE9F-A5123C346AC0}.Debug|Any CPU.ActiveCfg = Debug|Any CPU
		{1DC98895-3C05-4283-AE9F-A5123C346AC0}.Debug|Any CPU.Build.0 = Debug|Any CPU
		{1DC98895-3C05-4283-AE9F-A5123C346AC0}.Release|Any CPU.ActiveCfg = Release|Any CPU
		{1DC98895-3C05-4283-AE9F-A5123C346AC0}.Release|Any CPU.Build.0 = Release|Any CPU
		{F3635ADE-6B61-4B39-8709-2373099AF74D}.Debug|Any CPU.ActiveCfg = Debug|Any CPU
		{F3635ADE-6B61-4B39-8709-2373099AF74D}.Debug|Any CPU.Build.0 = Debug|Any CPU
		{F3635ADE-6B61-4B39-8709-2373099AF74D}.Release|Any CPU.ActiveCfg = Release|Any CPU
		{F3635ADE-6B61-4B39-8709-2373099AF74D}.Release|Any CPU.Build.0 = Release|Any CPU
		{787BECA4-349E-4303-8103-7700665BC376}.Debug|Any CPU.ActiveCfg = Debug|Any CPU
		{787BECA4-349E-4303-8103-7700665BC376}.Debug|Any CPU.Build.0 = Debug|Any CPU
		{787BECA4-349E-4303-8103-7700665BC376}.Release|Any CPU.ActiveCfg = Release|Any CPU
		{787BECA4-349E-4303-8103-7700665BC376}.Release|Any CPU.Build.0 = Release|Any CPU
		{CA4688B3-01E2-47D6-9DF1-53FB58DED5CA}.Debug|Any CPU.ActiveCfg = Debug|Any CPU
		{CA4688B3-01E2-47D6-9DF1-53FB58DED5CA}.Debug|Any CPU.Build.0 = Debug|Any CPU
		{CA4688B3-01E2-47D6-9DF1-53FB58DED5CA}.Release|Any CPU.ActiveCfg = Release|Any CPU
		{CA4688B3-01E2-47D6-9DF1-53FB58DED5CA}.Release|Any CPU.Build.0 = Release|Any CPU
		{2380C232-6BC9-4AC1-BFC0-757F3FBBF6CA}.Debug|Any CPU.ActiveCfg = Debug|Any CPU
		{2380C232-6BC9-4AC1-BFC0-757F3FBBF6CA}.Debug|Any CPU.Build.0 = Debug|Any CPU
		{2380C232-6BC9-4AC1-BFC0-757F3FBBF6CA}.Release|Any CPU.ActiveCfg = Release|Any CPU
		{2380C232-6BC9-4AC1-BFC0-757F3FBBF6CA}.Release|Any CPU.Build.0 = Release|Any CPU
		{2A95E96A-C7A3-4950-B748-D109D93CB008}.Debug|Any CPU.ActiveCfg = Debug|Any CPU
		{2A95E96A-C7A3-4950-B748-D109D93CB008}.Debug|Any CPU.Build.0 = Debug|Any CPU
		{2A95E96A-C7A3-4950-B748-D109D93CB008}.Release|Any CPU.ActiveCfg = Release|Any CPU
		{2A95E96A-C7A3-4950-B748-D109D93CB008}.Release|Any CPU.Build.0 = Release|Any CPU
		{DC71F204-7145-4D8D-B36C-F87F1AED7974}.Debug|Any CPU.ActiveCfg = Debug|Any CPU
		{DC71F204-7145-4D8D-B36C-F87F1AED7974}.Debug|Any CPU.Build.0 = Debug|Any CPU
		{DC71F204-7145-4D8D-B36C-F87F1AED7974}.Release|Any CPU.ActiveCfg = Release|Any CPU
		{DC71F204-7145-4D8D-B36C-F87F1AED7974}.Release|Any CPU.Build.0 = Release|Any CPU
		{5701AC2E-E009-4A3B-B2C1-75DE864EF771}.Debug|Any CPU.ActiveCfg = Debug|Any CPU
		{5701AC2E-E009-4A3B-B2C1-75DE864EF771}.Debug|Any CPU.Build.0 = Debug|Any CPU
		{5701AC2E-E009-4A3B-B2C1-75DE864EF771}.Release|Any CPU.ActiveCfg = Release|Any CPU
		{5701AC2E-E009-4A3B-B2C1-75DE864EF771}.Release|Any CPU.Build.0 = Release|Any CPU
	EndGlobalSection
	GlobalSection(SolutionProperties) = preSolution
		HideSolutionNode = FALSE
	EndGlobalSection
	GlobalSection(NestedProjects) = preSolution
		{D70D65FB-89A6-4F2A-A155-0074EF1F3B90} = {09EA2908-E7DA-44F6-9E8C-482F53A0B067}
		{6FEDFAFC-14F1-4382-85D8-A5311BF4A1FC} = {09EA2908-E7DA-44F6-9E8C-482F53A0B067}
		{40B0DE32-E7B8-42D3-99A7-B22816092F32} = {09EA2908-E7DA-44F6-9E8C-482F53A0B067}
		{545BE2A3-C445-4A95-A362-F1410ED7A535} = {09EA2908-E7DA-44F6-9E8C-482F53A0B067}
		{1DC98895-3C05-4283-AE9F-A5123C346AC0} = {09EA2908-E7DA-44F6-9E8C-482F53A0B067}
		{F3635ADE-6B61-4B39-8709-2373099AF74D} = {09EA2908-E7DA-44F6-9E8C-482F53A0B067}
		{787BECA4-349E-4303-8103-7700665BC376} = {09EA2908-E7DA-44F6-9E8C-482F53A0B067}
		{CA4688B3-01E2-47D6-9DF1-53FB58DED5CA} = {09EA2908-E7DA-44F6-9E8C-482F53A0B067}
		{2380C232-6BC9-4AC1-BFC0-757F3FBBF6CA} = {09EA2908-E7DA-44F6-9E8C-482F53A0B067}
		{2A95E96A-C7A3-4950-B748-D109D93CB008} = {09EA2908-E7DA-44F6-9E8C-482F53A0B067}
		{DC71F204-7145-4D8D-B36C-F87F1AED7974} = {09EA2908-E7DA-44F6-9E8C-482F53A0B067}
		{5701AC2E-E009-4A3B-B2C1-75DE864EF771} = {09EA2908-E7DA-44F6-9E8C-482F53A0B067}
	EndGlobalSection
	GlobalSection(ExtensibilityGlobals) = postSolution
		SolutionGuid = {0436C203-FDCE-4ACF-86E5-056A74299C62}
	EndGlobalSection
EndGlobal
