
Microsoft Visual Studio Solution File, Format Version 12.00
# Visual Studio Version 16
VisualStudioVersion = 16.0.30406.217
MinimumVisualStudioVersion = 10.0.40219.1
Project("{9A19103F-16F7-4668-BE54-9A1E7A4F7556}") = "Crayon", "Crayon\CrayonWindows.csproj", "{F57E0C97-059A-423C-B345-E910C6124287}"
EndProject
Project("{9A19103F-16F7-4668-BE54-9A1E7A4F7556}") = "Builder", "Builder\Builder.csproj", "{778DF8F6-82DD-47B0-8316-21941A73AE57}"
EndProject
Project("{9A19103F-16F7-4668-BE54-9A1E7A4F7556}") = "Wax", "Wax\Wax.csproj", "{C552E612-E20A-4538-8EC5-994ACA300C2E}"
EndProject
Project("{9A19103F-16F7-4668-BE54-9A1E7A4F7556}") = "Runtime", "Runtime\Runtime.csproj", "{77E4B6FD-9D45-459D-9997-C1BCFA63E8EB}"
EndProject
Project("{9A19103F-16F7-4668-BE54-9A1E7A4F7556}") = "Router", "Router\Router.csproj", "{C7CED7C7-5AE1-496E-9D99-4EE10AD7CDBD}"
EndProject
Project("{9A19103F-16F7-4668-BE54-9A1E7A4F7556}") = "U3Windows", "U3Windows\U3Windows.csproj", "{D75E3F91-19EA-4529-AB7C-1A220625D9E2}"
EndProject
Global
	GlobalSection(SolutionConfigurationPlatforms) = preSolution
		Debug|Any CPU = Debug|Any CPU
		Release|Any CPU = Release|Any CPU
	EndGlobalSection
	GlobalSection(ProjectConfigurationPlatforms) = postSolution
		{F57E0C97-059A-423C-B345-E910C6124287}.Debug|Any CPU.ActiveCfg = Debug|Any CPU
		{F57E0C97-059A-423C-B345-E910C6124287}.Debug|Any CPU.Build.0 = Debug|Any CPU
		{F57E0C97-059A-423C-B345-E910C6124287}.Release|Any CPU.ActiveCfg = Release|Any CPU
		{F57E0C97-059A-423C-B345-E910C6124287}.Release|Any CPU.Build.0 = Release|Any CPU
		{778DF8F6-82DD-47B0-8316-21941A73AE57}.Debug|Any CPU.ActiveCfg = Debug|Any CPU
		{778DF8F6-82DD-47B0-8316-21941A73AE57}.Debug|Any CPU.Build.0 = Debug|Any CPU
		{778DF8F6-82DD-47B0-8316-21941A73AE57}.Release|Any CPU.ActiveCfg = Release|Any CPU
		{778DF8F6-82DD-47B0-8316-21941A73AE57}.Release|Any CPU.Build.0 = Release|Any CPU
		{C552E612-E20A-4538-8EC5-994ACA300C2E}.Debug|Any CPU.ActiveCfg = Debug|Any CPU
		{C552E612-E20A-4538-8EC5-994ACA300C2E}.Debug|Any CPU.Build.0 = Debug|Any CPU
		{C552E612-E20A-4538-8EC5-994ACA300C2E}.Release|Any CPU.ActiveCfg = Release|Any CPU
		{C552E612-E20A-4538-8EC5-994ACA300C2E}.Release|Any CPU.Build.0 = Release|Any CPU
		{77E4B6FD-9D45-459D-9997-C1BCFA63E8EB}.Debug|Any CPU.ActiveCfg = Debug|Any CPU
		{77E4B6FD-9D45-459D-9997-C1BCFA63E8EB}.Debug|Any CPU.Build.0 = Debug|Any CPU
		{77E4B6FD-9D45-459D-9997-C1BCFA63E8EB}.Release|Any CPU.ActiveCfg = Release|Any CPU
		{77E4B6FD-9D45-459D-9997-C1BCFA63E8EB}.Release|Any CPU.Build.0 = Release|Any CPU
		{C7CED7C7-5AE1-496E-9D99-4EE10AD7CDBD}.Debug|Any CPU.ActiveCfg = Debug|Any CPU
		{C7CED7C7-5AE1-496E-9D99-4EE10AD7CDBD}.Debug|Any CPU.Build.0 = Debug|Any CPU
		{C7CED7C7-5AE1-496E-9D99-4EE10AD7CDBD}.Release|Any CPU.ActiveCfg = Release|Any CPU
		{C7CED7C7-5AE1-496E-9D99-4EE10AD7CDBD}.Release|Any CPU.Build.0 = Release|Any CPU
		{D75E3F91-19EA-4529-AB7C-1A220625D9E2}.Debug|Any CPU.ActiveCfg = Debug|Any CPU
		{D75E3F91-19EA-4529-AB7C-1A220625D9E2}.Debug|Any CPU.Build.0 = Debug|Any CPU
		{D75E3F91-19EA-4529-AB7C-1A220625D9E2}.Release|Any CPU.ActiveCfg = Release|Any CPU
		{D75E3F91-19EA-4529-AB7C-1A220625D9E2}.Release|Any CPU.Build.0 = Release|Any CPU
	EndGlobalSection
	GlobalSection(SolutionProperties) = preSolution
		HideSolutionNode = FALSE
	EndGlobalSection
	GlobalSection(ExtensibilityGlobals) = postSolution
		SolutionGuid = {78F84C94-7365-4F1A-A0D7-F423492898F0}
	EndGlobalSection
EndGlobal
