
Microsoft Visual Studio Solution File, Format Version 12.00
# Visual Studio 14
VisualStudioVersion = 14.0.25123.0
MinimumVisualStudioVersion = 10.0.40219.1
Project("{FAE04EC0-301F-11D3-BF4B-00C04F79EFBC}") = "Crayon", "Crayon.csproj", "{6A25BB31-4280-470F-959E-25D6D5A173AD}"
EndProject
Project("{FAE04EC0-301F-11D3-BF4B-00C04F79EFBC}") = "Resources", "..\Resources\Resources.csproj", "{33D98096-1F92-4C28-BA01-95030CD4EACA}"
EndProject
Project("{FAE04EC0-301F-11D3-BF4B-00C04F79EFBC}") = "Interpreter", "..\Interpreter\Interpreter.csproj", "{B7D7C85B-96CE-4FD5-9653-CC9BCE291363}"
EndProject
Project("{2150E333-8FDC-42A3-9474-1A3956D46DE8}") = "Platforms", "Platforms", "{E0B05933-80B8-443B-BB91-E378C4F79C37}"
EndProject
Project("{FAE04EC0-301F-11D3-BF4B-00C04F79EFBC}") = "LangPython", "..\Platforms\LangPython\LangPython.csproj", "{11FF3292-43A0-4C40-93DE-4F0DD18C4E4A}"
EndProject
Project("{FAE04EC0-301F-11D3-BF4B-00C04F79EFBC}") = "GamePythonPygame", "..\Platforms\GamePythonPygame\GamePythonPygame.csproj", "{4E41E38D-3FF9-4C91-9446-5F51024D8BD9}"
EndProject
Project("{FAE04EC0-301F-11D3-BF4B-00C04F79EFBC}") = "Pastel", "..\Pastel\Pastel.csproj", "{6D073BA4-2E71-42AC-8F5A-5C3079D935CD}"
EndProject
Project("{FAE04EC0-301F-11D3-BF4B-00C04F79EFBC}") = "Common", "..\Common\Common.csproj", "{18617A9A-3B1F-4532-BF4D-12BD62A3E5C6}"
EndProject
Project("{FAE04EC0-301F-11D3-BF4B-00C04F79EFBC}") = "LangCSharp", "..\Platforms\LangCSharp\LangCSharp.csproj", "{BD2AF3E6-4A96-4511-86A5-E414A6CAB81E}"
EndProject
Project("{FAE04EC0-301F-11D3-BF4B-00C04F79EFBC}") = "GameCSharpOpenTk", "..\Platforms\GameCSharpOpenTk\GameCSharpOpenTk.csproj", "{4DCA9E82-A6C2-4669-84F3-00D13204AF7E}"
EndProject
Project("{FAE04EC0-301F-11D3-BF4B-00C04F79EFBC}") = "Platform", "..\Platform\Platform.csproj", "{E9AEED59-8C51-4E56-8B8A-7A527B64E85E}"
EndProject
Global
	GlobalSection(SolutionConfigurationPlatforms) = preSolution
		Debug|Any CPU = Debug|Any CPU
		Debug|Mixed Platforms = Debug|Mixed Platforms
		Debug|x86 = Debug|x86
		Release|Any CPU = Release|Any CPU
		Release|Mixed Platforms = Release|Mixed Platforms
		Release|x86 = Release|x86
	EndGlobalSection
	GlobalSection(ProjectConfigurationPlatforms) = postSolution
		{6A25BB31-4280-470F-959E-25D6D5A173AD}.Debug|Any CPU.ActiveCfg = Debug|x86
		{6A25BB31-4280-470F-959E-25D6D5A173AD}.Debug|Mixed Platforms.ActiveCfg = Debug|x86
		{6A25BB31-4280-470F-959E-25D6D5A173AD}.Debug|Mixed Platforms.Build.0 = Debug|x86
		{6A25BB31-4280-470F-959E-25D6D5A173AD}.Debug|x86.ActiveCfg = Debug|x86
		{6A25BB31-4280-470F-959E-25D6D5A173AD}.Debug|x86.Build.0 = Debug|x86
		{6A25BB31-4280-470F-959E-25D6D5A173AD}.Release|Any CPU.ActiveCfg = Release|x86
		{6A25BB31-4280-470F-959E-25D6D5A173AD}.Release|Mixed Platforms.ActiveCfg = Release|x86
		{6A25BB31-4280-470F-959E-25D6D5A173AD}.Release|Mixed Platforms.Build.0 = Release|x86
		{6A25BB31-4280-470F-959E-25D6D5A173AD}.Release|x86.ActiveCfg = Release|x86
		{6A25BB31-4280-470F-959E-25D6D5A173AD}.Release|x86.Build.0 = Release|x86
		{33D98096-1F92-4C28-BA01-95030CD4EACA}.Debug|Any CPU.ActiveCfg = Debug|Any CPU
		{33D98096-1F92-4C28-BA01-95030CD4EACA}.Debug|Any CPU.Build.0 = Debug|Any CPU
		{33D98096-1F92-4C28-BA01-95030CD4EACA}.Debug|Mixed Platforms.ActiveCfg = Debug|Any CPU
		{33D98096-1F92-4C28-BA01-95030CD4EACA}.Debug|Mixed Platforms.Build.0 = Debug|Any CPU
		{33D98096-1F92-4C28-BA01-95030CD4EACA}.Debug|x86.ActiveCfg = Debug|Any CPU
		{33D98096-1F92-4C28-BA01-95030CD4EACA}.Debug|x86.Build.0 = Debug|Any CPU
		{33D98096-1F92-4C28-BA01-95030CD4EACA}.Release|Any CPU.ActiveCfg = Release|Any CPU
		{33D98096-1F92-4C28-BA01-95030CD4EACA}.Release|Any CPU.Build.0 = Release|Any CPU
		{33D98096-1F92-4C28-BA01-95030CD4EACA}.Release|Mixed Platforms.ActiveCfg = Release|Any CPU
		{33D98096-1F92-4C28-BA01-95030CD4EACA}.Release|Mixed Platforms.Build.0 = Release|Any CPU
		{33D98096-1F92-4C28-BA01-95030CD4EACA}.Release|x86.ActiveCfg = Release|Any CPU
		{33D98096-1F92-4C28-BA01-95030CD4EACA}.Release|x86.Build.0 = Release|Any CPU
		{B7D7C85B-96CE-4FD5-9653-CC9BCE291363}.Debug|Any CPU.ActiveCfg = Debug|Any CPU
		{B7D7C85B-96CE-4FD5-9653-CC9BCE291363}.Debug|Any CPU.Build.0 = Debug|Any CPU
		{B7D7C85B-96CE-4FD5-9653-CC9BCE291363}.Debug|Mixed Platforms.ActiveCfg = Debug|Any CPU
		{B7D7C85B-96CE-4FD5-9653-CC9BCE291363}.Debug|Mixed Platforms.Build.0 = Debug|Any CPU
		{B7D7C85B-96CE-4FD5-9653-CC9BCE291363}.Debug|x86.ActiveCfg = Debug|Any CPU
		{B7D7C85B-96CE-4FD5-9653-CC9BCE291363}.Debug|x86.Build.0 = Debug|Any CPU
		{B7D7C85B-96CE-4FD5-9653-CC9BCE291363}.Release|Any CPU.ActiveCfg = Release|Any CPU
		{B7D7C85B-96CE-4FD5-9653-CC9BCE291363}.Release|Any CPU.Build.0 = Release|Any CPU
		{B7D7C85B-96CE-4FD5-9653-CC9BCE291363}.Release|Mixed Platforms.ActiveCfg = Release|Any CPU
		{B7D7C85B-96CE-4FD5-9653-CC9BCE291363}.Release|Mixed Platforms.Build.0 = Release|Any CPU
		{B7D7C85B-96CE-4FD5-9653-CC9BCE291363}.Release|x86.ActiveCfg = Release|Any CPU
		{B7D7C85B-96CE-4FD5-9653-CC9BCE291363}.Release|x86.Build.0 = Release|Any CPU
		{11FF3292-43A0-4C40-93DE-4F0DD18C4E4A}.Debug|Any CPU.ActiveCfg = Debug|Any CPU
		{11FF3292-43A0-4C40-93DE-4F0DD18C4E4A}.Debug|Any CPU.Build.0 = Debug|Any CPU
		{11FF3292-43A0-4C40-93DE-4F0DD18C4E4A}.Debug|Mixed Platforms.ActiveCfg = Debug|Any CPU
		{11FF3292-43A0-4C40-93DE-4F0DD18C4E4A}.Debug|Mixed Platforms.Build.0 = Debug|Any CPU
		{11FF3292-43A0-4C40-93DE-4F0DD18C4E4A}.Debug|x86.ActiveCfg = Debug|Any CPU
		{11FF3292-43A0-4C40-93DE-4F0DD18C4E4A}.Debug|x86.Build.0 = Debug|Any CPU
		{11FF3292-43A0-4C40-93DE-4F0DD18C4E4A}.Release|Any CPU.ActiveCfg = Release|Any CPU
		{11FF3292-43A0-4C40-93DE-4F0DD18C4E4A}.Release|Any CPU.Build.0 = Release|Any CPU
		{11FF3292-43A0-4C40-93DE-4F0DD18C4E4A}.Release|Mixed Platforms.ActiveCfg = Release|Any CPU
		{11FF3292-43A0-4C40-93DE-4F0DD18C4E4A}.Release|Mixed Platforms.Build.0 = Release|Any CPU
		{11FF3292-43A0-4C40-93DE-4F0DD18C4E4A}.Release|x86.ActiveCfg = Release|Any CPU
		{11FF3292-43A0-4C40-93DE-4F0DD18C4E4A}.Release|x86.Build.0 = Release|Any CPU
		{4E41E38D-3FF9-4C91-9446-5F51024D8BD9}.Debug|Any CPU.ActiveCfg = Debug|Any CPU
		{4E41E38D-3FF9-4C91-9446-5F51024D8BD9}.Debug|Any CPU.Build.0 = Debug|Any CPU
		{4E41E38D-3FF9-4C91-9446-5F51024D8BD9}.Debug|Mixed Platforms.ActiveCfg = Debug|Any CPU
		{4E41E38D-3FF9-4C91-9446-5F51024D8BD9}.Debug|Mixed Platforms.Build.0 = Debug|Any CPU
		{4E41E38D-3FF9-4C91-9446-5F51024D8BD9}.Debug|x86.ActiveCfg = Debug|Any CPU
		{4E41E38D-3FF9-4C91-9446-5F51024D8BD9}.Debug|x86.Build.0 = Debug|Any CPU
		{4E41E38D-3FF9-4C91-9446-5F51024D8BD9}.Release|Any CPU.ActiveCfg = Release|Any CPU
		{4E41E38D-3FF9-4C91-9446-5F51024D8BD9}.Release|Any CPU.Build.0 = Release|Any CPU
		{4E41E38D-3FF9-4C91-9446-5F51024D8BD9}.Release|Mixed Platforms.ActiveCfg = Release|Any CPU
		{4E41E38D-3FF9-4C91-9446-5F51024D8BD9}.Release|Mixed Platforms.Build.0 = Release|Any CPU
		{4E41E38D-3FF9-4C91-9446-5F51024D8BD9}.Release|x86.ActiveCfg = Release|Any CPU
		{4E41E38D-3FF9-4C91-9446-5F51024D8BD9}.Release|x86.Build.0 = Release|Any CPU
		{6D073BA4-2E71-42AC-8F5A-5C3079D935CD}.Debug|Any CPU.ActiveCfg = Debug|Any CPU
		{6D073BA4-2E71-42AC-8F5A-5C3079D935CD}.Debug|Any CPU.Build.0 = Debug|Any CPU
		{6D073BA4-2E71-42AC-8F5A-5C3079D935CD}.Debug|Mixed Platforms.ActiveCfg = Debug|Any CPU
		{6D073BA4-2E71-42AC-8F5A-5C3079D935CD}.Debug|Mixed Platforms.Build.0 = Debug|Any CPU
		{6D073BA4-2E71-42AC-8F5A-5C3079D935CD}.Debug|x86.ActiveCfg = Debug|Any CPU
		{6D073BA4-2E71-42AC-8F5A-5C3079D935CD}.Debug|x86.Build.0 = Debug|Any CPU
		{6D073BA4-2E71-42AC-8F5A-5C3079D935CD}.Release|Any CPU.ActiveCfg = Release|Any CPU
		{6D073BA4-2E71-42AC-8F5A-5C3079D935CD}.Release|Any CPU.Build.0 = Release|Any CPU
		{6D073BA4-2E71-42AC-8F5A-5C3079D935CD}.Release|Mixed Platforms.ActiveCfg = Release|Any CPU
		{6D073BA4-2E71-42AC-8F5A-5C3079D935CD}.Release|Mixed Platforms.Build.0 = Release|Any CPU
		{6D073BA4-2E71-42AC-8F5A-5C3079D935CD}.Release|x86.ActiveCfg = Release|Any CPU
		{6D073BA4-2E71-42AC-8F5A-5C3079D935CD}.Release|x86.Build.0 = Release|Any CPU
		{18617A9A-3B1F-4532-BF4D-12BD62A3E5C6}.Debug|Any CPU.ActiveCfg = Debug|Any CPU
		{18617A9A-3B1F-4532-BF4D-12BD62A3E5C6}.Debug|Any CPU.Build.0 = Debug|Any CPU
		{18617A9A-3B1F-4532-BF4D-12BD62A3E5C6}.Debug|Mixed Platforms.ActiveCfg = Debug|Any CPU
		{18617A9A-3B1F-4532-BF4D-12BD62A3E5C6}.Debug|Mixed Platforms.Build.0 = Debug|Any CPU
		{18617A9A-3B1F-4532-BF4D-12BD62A3E5C6}.Debug|x86.ActiveCfg = Debug|Any CPU
		{18617A9A-3B1F-4532-BF4D-12BD62A3E5C6}.Debug|x86.Build.0 = Debug|Any CPU
		{18617A9A-3B1F-4532-BF4D-12BD62A3E5C6}.Release|Any CPU.ActiveCfg = Release|Any CPU
		{18617A9A-3B1F-4532-BF4D-12BD62A3E5C6}.Release|Any CPU.Build.0 = Release|Any CPU
		{18617A9A-3B1F-4532-BF4D-12BD62A3E5C6}.Release|Mixed Platforms.ActiveCfg = Release|Any CPU
		{18617A9A-3B1F-4532-BF4D-12BD62A3E5C6}.Release|Mixed Platforms.Build.0 = Release|Any CPU
		{18617A9A-3B1F-4532-BF4D-12BD62A3E5C6}.Release|x86.ActiveCfg = Release|Any CPU
		{18617A9A-3B1F-4532-BF4D-12BD62A3E5C6}.Release|x86.Build.0 = Release|Any CPU
		{BD2AF3E6-4A96-4511-86A5-E414A6CAB81E}.Debug|Any CPU.ActiveCfg = Debug|Any CPU
		{BD2AF3E6-4A96-4511-86A5-E414A6CAB81E}.Debug|Any CPU.Build.0 = Debug|Any CPU
		{BD2AF3E6-4A96-4511-86A5-E414A6CAB81E}.Debug|Mixed Platforms.ActiveCfg = Debug|Any CPU
		{BD2AF3E6-4A96-4511-86A5-E414A6CAB81E}.Debug|Mixed Platforms.Build.0 = Debug|Any CPU
		{BD2AF3E6-4A96-4511-86A5-E414A6CAB81E}.Debug|x86.ActiveCfg = Debug|Any CPU
		{BD2AF3E6-4A96-4511-86A5-E414A6CAB81E}.Debug|x86.Build.0 = Debug|Any CPU
		{BD2AF3E6-4A96-4511-86A5-E414A6CAB81E}.Release|Any CPU.ActiveCfg = Release|Any CPU
		{BD2AF3E6-4A96-4511-86A5-E414A6CAB81E}.Release|Any CPU.Build.0 = Release|Any CPU
		{BD2AF3E6-4A96-4511-86A5-E414A6CAB81E}.Release|Mixed Platforms.ActiveCfg = Release|Any CPU
		{BD2AF3E6-4A96-4511-86A5-E414A6CAB81E}.Release|Mixed Platforms.Build.0 = Release|Any CPU
		{BD2AF3E6-4A96-4511-86A5-E414A6CAB81E}.Release|x86.ActiveCfg = Release|Any CPU
		{BD2AF3E6-4A96-4511-86A5-E414A6CAB81E}.Release|x86.Build.0 = Release|Any CPU
		{4DCA9E82-A6C2-4669-84F3-00D13204AF7E}.Debug|Any CPU.ActiveCfg = Debug|Any CPU
		{4DCA9E82-A6C2-4669-84F3-00D13204AF7E}.Debug|Any CPU.Build.0 = Debug|Any CPU
		{4DCA9E82-A6C2-4669-84F3-00D13204AF7E}.Debug|Mixed Platforms.ActiveCfg = Debug|Any CPU
		{4DCA9E82-A6C2-4669-84F3-00D13204AF7E}.Debug|Mixed Platforms.Build.0 = Debug|Any CPU
		{4DCA9E82-A6C2-4669-84F3-00D13204AF7E}.Debug|x86.ActiveCfg = Debug|Any CPU
		{4DCA9E82-A6C2-4669-84F3-00D13204AF7E}.Debug|x86.Build.0 = Debug|Any CPU
		{4DCA9E82-A6C2-4669-84F3-00D13204AF7E}.Release|Any CPU.ActiveCfg = Release|Any CPU
		{4DCA9E82-A6C2-4669-84F3-00D13204AF7E}.Release|Any CPU.Build.0 = Release|Any CPU
		{4DCA9E82-A6C2-4669-84F3-00D13204AF7E}.Release|Mixed Platforms.ActiveCfg = Release|Any CPU
		{4DCA9E82-A6C2-4669-84F3-00D13204AF7E}.Release|Mixed Platforms.Build.0 = Release|Any CPU
		{4DCA9E82-A6C2-4669-84F3-00D13204AF7E}.Release|x86.ActiveCfg = Release|Any CPU
		{4DCA9E82-A6C2-4669-84F3-00D13204AF7E}.Release|x86.Build.0 = Release|Any CPU
		{E9AEED59-8C51-4E56-8B8A-7A527B64E85E}.Debug|Any CPU.ActiveCfg = Debug|Any CPU
		{E9AEED59-8C51-4E56-8B8A-7A527B64E85E}.Debug|Any CPU.Build.0 = Debug|Any CPU
		{E9AEED59-8C51-4E56-8B8A-7A527B64E85E}.Debug|Mixed Platforms.ActiveCfg = Debug|Any CPU
		{E9AEED59-8C51-4E56-8B8A-7A527B64E85E}.Debug|Mixed Platforms.Build.0 = Debug|Any CPU
		{E9AEED59-8C51-4E56-8B8A-7A527B64E85E}.Debug|x86.ActiveCfg = Debug|Any CPU
		{E9AEED59-8C51-4E56-8B8A-7A527B64E85E}.Debug|x86.Build.0 = Debug|Any CPU
		{E9AEED59-8C51-4E56-8B8A-7A527B64E85E}.Release|Any CPU.ActiveCfg = Release|Any CPU
		{E9AEED59-8C51-4E56-8B8A-7A527B64E85E}.Release|Any CPU.Build.0 = Release|Any CPU
		{E9AEED59-8C51-4E56-8B8A-7A527B64E85E}.Release|Mixed Platforms.ActiveCfg = Release|Any CPU
		{E9AEED59-8C51-4E56-8B8A-7A527B64E85E}.Release|Mixed Platforms.Build.0 = Release|Any CPU
		{E9AEED59-8C51-4E56-8B8A-7A527B64E85E}.Release|x86.ActiveCfg = Release|Any CPU
		{E9AEED59-8C51-4E56-8B8A-7A527B64E85E}.Release|x86.Build.0 = Release|Any CPU
	EndGlobalSection
	GlobalSection(SolutionProperties) = preSolution
		HideSolutionNode = FALSE
	EndGlobalSection
	GlobalSection(NestedProjects) = preSolution
		{11FF3292-43A0-4C40-93DE-4F0DD18C4E4A} = {E0B05933-80B8-443B-BB91-E378C4F79C37}
		{4E41E38D-3FF9-4C91-9446-5F51024D8BD9} = {E0B05933-80B8-443B-BB91-E378C4F79C37}
		{BD2AF3E6-4A96-4511-86A5-E414A6CAB81E} = {E0B05933-80B8-443B-BB91-E378C4F79C37}
		{4DCA9E82-A6C2-4669-84F3-00D13204AF7E} = {E0B05933-80B8-443B-BB91-E378C4F79C37}
	EndGlobalSection
EndGlobal
