
Microsoft Visual Studio Solution File, Format Version 11.00
# Visual Studio 2010
Project("{FAE04EC0-301F-11D3-BF4B-00C04F79EFBC}") = "Crayon", "Crayon.csproj", "{6A25BB31-4280-470F-959E-25D6D5A173AD}"
EndProject
Project("{FAE04EC0-301F-11D3-BF4B-00C04F79EFBC}") = "Core", "..\Libraries\Core\Core.csproj", "{A50B4111-AA72-4C38-8620-5D1A23274C52}"
EndProject
Project("{FAE04EC0-301F-11D3-BF4B-00C04F79EFBC}") = "Math", "..\Libraries\Math\Math.csproj", "{54FAA86C-ABEF-48AE-AE29-60FA108AD12B}"
EndProject
Project("{2150E333-8FDC-42A3-9474-1A3956D46DE8}") = "Libraries", "Libraries", "{69DE32A4-0913-4B75-B8DD-6953FB042E45}"
EndProject
Project("{FAE04EC0-301F-11D3-BF4B-00C04F79EFBC}") = "FileIO", "..\Libraries\FileIO\FileIO.csproj", "{E39CC258-57A8-4C7A-BA9A-65CE039D518D}"
EndProject
Project("{FAE04EC0-301F-11D3-BF4B-00C04F79EFBC}") = "HTTP", "..\Libraries\Http\HTTP.csproj", "{E21FB741-C303-4E54-BA6F-D5128B0408CE}"
EndProject
Project("{FAE04EC0-301F-11D3-BF4B-00C04F79EFBC}") = "Game", "..\Libraries\Game\Game.csproj", "{F44E3D99-0AE7-4D35-95AD-EA38599CACC7}"
EndProject
Project("{FAE04EC0-301F-11D3-BF4B-00C04F79EFBC}") = "GFX", "..\Libraries\GFX\GFX.csproj", "{1EBC6534-E249-4341-9760-096E64D004E5}"
EndProject
Project("{FAE04EC0-301F-11D3-BF4B-00C04F79EFBC}") = "SFX", "..\Libraries\SFX\SFX.csproj", "{6F885367-B0A8-49C5-9EF5-1EC1F63D8928}"
EndProject
Project("{FAE04EC0-301F-11D3-BF4B-00C04F79EFBC}") = "Gamepad", "..\Libraries\Gamepad\Gamepad.csproj", "{59F15884-6CDD-4B89-8C07-E779F582AD91}"
EndProject
Project("{FAE04EC0-301F-11D3-BF4B-00C04F79EFBC}") = "Random", "..\Libraries\Random\Random.csproj", "{2A486805-DD77-463E-904E-D4A27060A437}"
EndProject
Project("{FAE04EC0-301F-11D3-BF4B-00C04F79EFBC}") = "Resources", "..\Libraries\Resources\Resources.csproj", "{2057C131-EC41-4F81-B77D-166720F80CA3}"
EndProject
Project("{FAE04EC0-301F-11D3-BF4B-00C04F79EFBC}") = "JSON", "..\Libraries\JSON\JSON.csproj", "{ABEDB158-1482-4BA3-96F3-9B17B7605D54}"
EndProject
Project("{FAE04EC0-301F-11D3-BF4B-00C04F79EFBC}") = "Web", "..\Libraries\Web\Web.csproj", "{67C1E3C4-5998-4EBE-87AA-E5F80DDDDBB3}"
EndProject
Global
	GlobalSection(SolutionConfigurationPlatforms) = preSolution
		Debug|Any CPU = Debug|Any CPU
		Debug|Mixed Platforms = Debug|Mixed Platforms
		Debug|x86 = Debug|x86
		Release|Any CPU = Release|Any CPU
		Release|Mixed Platforms = Release|Mixed Platforms
		Release|x86 = Release|x86
	EndGlobalSection
	GlobalSection(ProjectConfigurationPlatforms) = postSolution
		{6A25BB31-4280-470F-959E-25D6D5A173AD}.Debug|Any CPU.ActiveCfg = Debug|x86
		{6A25BB31-4280-470F-959E-25D6D5A173AD}.Debug|Mixed Platforms.ActiveCfg = Debug|x86
		{6A25BB31-4280-470F-959E-25D6D5A173AD}.Debug|Mixed Platforms.Build.0 = Debug|x86
		{6A25BB31-4280-470F-959E-25D6D5A173AD}.Debug|x86.ActiveCfg = Debug|x86
		{6A25BB31-4280-470F-959E-25D6D5A173AD}.Debug|x86.Build.0 = Debug|x86
		{6A25BB31-4280-470F-959E-25D6D5A173AD}.Release|Any CPU.ActiveCfg = Release|x86
		{6A25BB31-4280-470F-959E-25D6D5A173AD}.Release|Mixed Platforms.ActiveCfg = Release|x86
		{6A25BB31-4280-470F-959E-25D6D5A173AD}.Release|Mixed Platforms.Build.0 = Release|x86
		{6A25BB31-4280-470F-959E-25D6D5A173AD}.Release|x86.ActiveCfg = Release|x86
		{6A25BB31-4280-470F-959E-25D6D5A173AD}.Release|x86.Build.0 = Release|x86
		{A50B4111-AA72-4C38-8620-5D1A23274C52}.Debug|Any CPU.ActiveCfg = Debug|Any CPU
		{A50B4111-AA72-4C38-8620-5D1A23274C52}.Debug|Any CPU.Build.0 = Debug|Any CPU
		{A50B4111-AA72-4C38-8620-5D1A23274C52}.Debug|Mixed Platforms.ActiveCfg = Debug|Any CPU
		{A50B4111-AA72-4C38-8620-5D1A23274C52}.Debug|Mixed Platforms.Build.0 = Debug|Any CPU
		{A50B4111-AA72-4C38-8620-5D1A23274C52}.Debug|x86.ActiveCfg = Debug|Any CPU
		{A50B4111-AA72-4C38-8620-5D1A23274C52}.Release|Any CPU.ActiveCfg = Release|Any CPU
		{A50B4111-AA72-4C38-8620-5D1A23274C52}.Release|Any CPU.Build.0 = Release|Any CPU
		{A50B4111-AA72-4C38-8620-5D1A23274C52}.Release|Mixed Platforms.ActiveCfg = Release|Any CPU
		{A50B4111-AA72-4C38-8620-5D1A23274C52}.Release|Mixed Platforms.Build.0 = Release|Any CPU
		{A50B4111-AA72-4C38-8620-5D1A23274C52}.Release|x86.ActiveCfg = Release|Any CPU
		{54FAA86C-ABEF-48AE-AE29-60FA108AD12B}.Debug|Any CPU.ActiveCfg = Debug|Any CPU
		{54FAA86C-ABEF-48AE-AE29-60FA108AD12B}.Debug|Any CPU.Build.0 = Debug|Any CPU
		{54FAA86C-ABEF-48AE-AE29-60FA108AD12B}.Debug|Mixed Platforms.ActiveCfg = Debug|Any CPU
		{54FAA86C-ABEF-48AE-AE29-60FA108AD12B}.Debug|Mixed Platforms.Build.0 = Debug|Any CPU
		{54FAA86C-ABEF-48AE-AE29-60FA108AD12B}.Debug|x86.ActiveCfg = Debug|Any CPU
		{54FAA86C-ABEF-48AE-AE29-60FA108AD12B}.Release|Any CPU.ActiveCfg = Release|Any CPU
		{54FAA86C-ABEF-48AE-AE29-60FA108AD12B}.Release|Any CPU.Build.0 = Release|Any CPU
		{54FAA86C-ABEF-48AE-AE29-60FA108AD12B}.Release|Mixed Platforms.ActiveCfg = Release|Any CPU
		{54FAA86C-ABEF-48AE-AE29-60FA108AD12B}.Release|Mixed Platforms.Build.0 = Release|Any CPU
		{54FAA86C-ABEF-48AE-AE29-60FA108AD12B}.Release|x86.ActiveCfg = Release|Any CPU
		{E39CC258-57A8-4C7A-BA9A-65CE039D518D}.Debug|Any CPU.ActiveCfg = Debug|Any CPU
		{E39CC258-57A8-4C7A-BA9A-65CE039D518D}.Debug|Any CPU.Build.0 = Debug|Any CPU
		{E39CC258-57A8-4C7A-BA9A-65CE039D518D}.Debug|Mixed Platforms.ActiveCfg = Debug|Any CPU
		{E39CC258-57A8-4C7A-BA9A-65CE039D518D}.Debug|Mixed Platforms.Build.0 = Debug|Any CPU
		{E39CC258-57A8-4C7A-BA9A-65CE039D518D}.Debug|x86.ActiveCfg = Debug|Any CPU
		{E39CC258-57A8-4C7A-BA9A-65CE039D518D}.Release|Any CPU.ActiveCfg = Release|Any CPU
		{E39CC258-57A8-4C7A-BA9A-65CE039D518D}.Release|Any CPU.Build.0 = Release|Any CPU
		{E39CC258-57A8-4C7A-BA9A-65CE039D518D}.Release|Mixed Platforms.ActiveCfg = Release|Any CPU
		{E39CC258-57A8-4C7A-BA9A-65CE039D518D}.Release|Mixed Platforms.Build.0 = Release|Any CPU
		{E39CC258-57A8-4C7A-BA9A-65CE039D518D}.Release|x86.ActiveCfg = Release|Any CPU
		{E21FB741-C303-4E54-BA6F-D5128B0408CE}.Debug|Any CPU.ActiveCfg = Debug|Any CPU
		{E21FB741-C303-4E54-BA6F-D5128B0408CE}.Debug|Any CPU.Build.0 = Debug|Any CPU
		{E21FB741-C303-4E54-BA6F-D5128B0408CE}.Debug|Mixed Platforms.ActiveCfg = Debug|Any CPU
		{E21FB741-C303-4E54-BA6F-D5128B0408CE}.Debug|Mixed Platforms.Build.0 = Debug|Any CPU
		{E21FB741-C303-4E54-BA6F-D5128B0408CE}.Debug|x86.ActiveCfg = Debug|Any CPU
		{E21FB741-C303-4E54-BA6F-D5128B0408CE}.Release|Any CPU.ActiveCfg = Release|Any CPU
		{E21FB741-C303-4E54-BA6F-D5128B0408CE}.Release|Any CPU.Build.0 = Release|Any CPU
		{E21FB741-C303-4E54-BA6F-D5128B0408CE}.Release|Mixed Platforms.ActiveCfg = Release|Any CPU
		{E21FB741-C303-4E54-BA6F-D5128B0408CE}.Release|Mixed Platforms.Build.0 = Release|Any CPU
		{E21FB741-C303-4E54-BA6F-D5128B0408CE}.Release|x86.ActiveCfg = Release|Any CPU
		{F44E3D99-0AE7-4D35-95AD-EA38599CACC7}.Debug|Any CPU.ActiveCfg = Debug|Any CPU
		{F44E3D99-0AE7-4D35-95AD-EA38599CACC7}.Debug|Any CPU.Build.0 = Debug|Any CPU
		{F44E3D99-0AE7-4D35-95AD-EA38599CACC7}.Debug|Mixed Platforms.ActiveCfg = Debug|Any CPU
		{F44E3D99-0AE7-4D35-95AD-EA38599CACC7}.Debug|Mixed Platforms.Build.0 = Debug|Any CPU
		{F44E3D99-0AE7-4D35-95AD-EA38599CACC7}.Debug|x86.ActiveCfg = Debug|Any CPU
		{F44E3D99-0AE7-4D35-95AD-EA38599CACC7}.Release|Any CPU.ActiveCfg = Release|Any CPU
		{F44E3D99-0AE7-4D35-95AD-EA38599CACC7}.Release|Any CPU.Build.0 = Release|Any CPU
		{F44E3D99-0AE7-4D35-95AD-EA38599CACC7}.Release|Mixed Platforms.ActiveCfg = Release|Any CPU
		{F44E3D99-0AE7-4D35-95AD-EA38599CACC7}.Release|Mixed Platforms.Build.0 = Release|Any CPU
		{F44E3D99-0AE7-4D35-95AD-EA38599CACC7}.Release|x86.ActiveCfg = Release|Any CPU
		{1EBC6534-E249-4341-9760-096E64D004E5}.Debug|Any CPU.ActiveCfg = Debug|Any CPU
		{1EBC6534-E249-4341-9760-096E64D004E5}.Debug|Any CPU.Build.0 = Debug|Any CPU
		{1EBC6534-E249-4341-9760-096E64D004E5}.Debug|Mixed Platforms.ActiveCfg = Debug|Any CPU
		{1EBC6534-E249-4341-9760-096E64D004E5}.Debug|Mixed Platforms.Build.0 = Debug|Any CPU
		{1EBC6534-E249-4341-9760-096E64D004E5}.Debug|x86.ActiveCfg = Debug|Any CPU
		{1EBC6534-E249-4341-9760-096E64D004E5}.Release|Any CPU.ActiveCfg = Release|Any CPU
		{1EBC6534-E249-4341-9760-096E64D004E5}.Release|Any CPU.Build.0 = Release|Any CPU
		{1EBC6534-E249-4341-9760-096E64D004E5}.Release|Mixed Platforms.ActiveCfg = Release|Any CPU
		{1EBC6534-E249-4341-9760-096E64D004E5}.Release|Mixed Platforms.Build.0 = Release|Any CPU
		{1EBC6534-E249-4341-9760-096E64D004E5}.Release|x86.ActiveCfg = Release|Any CPU
		{6F885367-B0A8-49C5-9EF5-1EC1F63D8928}.Debug|Any CPU.ActiveCfg = Debug|Any CPU
		{6F885367-B0A8-49C5-9EF5-1EC1F63D8928}.Debug|Any CPU.Build.0 = Debug|Any CPU
		{6F885367-B0A8-49C5-9EF5-1EC1F63D8928}.Debug|Mixed Platforms.ActiveCfg = Debug|Any CPU
		{6F885367-B0A8-49C5-9EF5-1EC1F63D8928}.Debug|Mixed Platforms.Build.0 = Debug|Any CPU
		{6F885367-B0A8-49C5-9EF5-1EC1F63D8928}.Debug|x86.ActiveCfg = Debug|Any CPU
		{6F885367-B0A8-49C5-9EF5-1EC1F63D8928}.Release|Any CPU.ActiveCfg = Release|Any CPU
		{6F885367-B0A8-49C5-9EF5-1EC1F63D8928}.Release|Any CPU.Build.0 = Release|Any CPU
		{6F885367-B0A8-49C5-9EF5-1EC1F63D8928}.Release|Mixed Platforms.ActiveCfg = Release|Any CPU
		{6F885367-B0A8-49C5-9EF5-1EC1F63D8928}.Release|Mixed Platforms.Build.0 = Release|Any CPU
		{6F885367-B0A8-49C5-9EF5-1EC1F63D8928}.Release|x86.ActiveCfg = Release|Any CPU
		{59F15884-6CDD-4B89-8C07-E779F582AD91}.Debug|Any CPU.ActiveCfg = Debug|Any CPU
		{59F15884-6CDD-4B89-8C07-E779F582AD91}.Debug|Any CPU.Build.0 = Debug|Any CPU
		{59F15884-6CDD-4B89-8C07-E779F582AD91}.Debug|Mixed Platforms.ActiveCfg = Debug|Any CPU
		{59F15884-6CDD-4B89-8C07-E779F582AD91}.Debug|Mixed Platforms.Build.0 = Debug|Any CPU
		{59F15884-6CDD-4B89-8C07-E779F582AD91}.Debug|x86.ActiveCfg = Debug|Any CPU
		{59F15884-6CDD-4B89-8C07-E779F582AD91}.Release|Any CPU.ActiveCfg = Release|Any CPU
		{59F15884-6CDD-4B89-8C07-E779F582AD91}.Release|Any CPU.Build.0 = Release|Any CPU
		{59F15884-6CDD-4B89-8C07-E779F582AD91}.Release|Mixed Platforms.ActiveCfg = Release|Any CPU
		{59F15884-6CDD-4B89-8C07-E779F582AD91}.Release|Mixed Platforms.Build.0 = Release|Any CPU
		{59F15884-6CDD-4B89-8C07-E779F582AD91}.Release|x86.ActiveCfg = Release|Any CPU
		{2A486805-DD77-463E-904E-D4A27060A437}.Debug|Any CPU.ActiveCfg = Debug|Any CPU
		{2A486805-DD77-463E-904E-D4A27060A437}.Debug|Any CPU.Build.0 = Debug|Any CPU
		{2A486805-DD77-463E-904E-D4A27060A437}.Debug|Mixed Platforms.ActiveCfg = Debug|Any CPU
		{2A486805-DD77-463E-904E-D4A27060A437}.Debug|Mixed Platforms.Build.0 = Debug|Any CPU
		{2A486805-DD77-463E-904E-D4A27060A437}.Debug|x86.ActiveCfg = Debug|Any CPU
		{2A486805-DD77-463E-904E-D4A27060A437}.Release|Any CPU.ActiveCfg = Release|Any CPU
		{2A486805-DD77-463E-904E-D4A27060A437}.Release|Any CPU.Build.0 = Release|Any CPU
		{2A486805-DD77-463E-904E-D4A27060A437}.Release|Mixed Platforms.ActiveCfg = Release|Any CPU
		{2A486805-DD77-463E-904E-D4A27060A437}.Release|Mixed Platforms.Build.0 = Release|Any CPU
		{2A486805-DD77-463E-904E-D4A27060A437}.Release|x86.ActiveCfg = Release|Any CPU
		{2057C131-EC41-4F81-B77D-166720F80CA3}.Debug|Any CPU.ActiveCfg = Debug|Any CPU
		{2057C131-EC41-4F81-B77D-166720F80CA3}.Debug|Any CPU.Build.0 = Debug|Any CPU
		{2057C131-EC41-4F81-B77D-166720F80CA3}.Debug|Mixed Platforms.ActiveCfg = Debug|Any CPU
		{2057C131-EC41-4F81-B77D-166720F80CA3}.Debug|Mixed Platforms.Build.0 = Debug|Any CPU
		{2057C131-EC41-4F81-B77D-166720F80CA3}.Debug|x86.ActiveCfg = Debug|Any CPU
		{2057C131-EC41-4F81-B77D-166720F80CA3}.Release|Any CPU.ActiveCfg = Release|Any CPU
		{2057C131-EC41-4F81-B77D-166720F80CA3}.Release|Any CPU.Build.0 = Release|Any CPU
		{2057C131-EC41-4F81-B77D-166720F80CA3}.Release|Mixed Platforms.ActiveCfg = Release|Any CPU
		{2057C131-EC41-4F81-B77D-166720F80CA3}.Release|Mixed Platforms.Build.0 = Release|Any CPU
		{2057C131-EC41-4F81-B77D-166720F80CA3}.Release|x86.ActiveCfg = Release|Any CPU
		{ABEDB158-1482-4BA3-96F3-9B17B7605D54}.Debug|Any CPU.ActiveCfg = Debug|Any CPU
		{ABEDB158-1482-4BA3-96F3-9B17B7605D54}.Debug|Any CPU.Build.0 = Debug|Any CPU
		{ABEDB158-1482-4BA3-96F3-9B17B7605D54}.Debug|Mixed Platforms.ActiveCfg = Debug|Any CPU
		{ABEDB158-1482-4BA3-96F3-9B17B7605D54}.Debug|Mixed Platforms.Build.0 = Debug|Any CPU
		{ABEDB158-1482-4BA3-96F3-9B17B7605D54}.Debug|x86.ActiveCfg = Debug|Any CPU
		{ABEDB158-1482-4BA3-96F3-9B17B7605D54}.Release|Any CPU.ActiveCfg = Release|Any CPU
		{ABEDB158-1482-4BA3-96F3-9B17B7605D54}.Release|Any CPU.Build.0 = Release|Any CPU
		{ABEDB158-1482-4BA3-96F3-9B17B7605D54}.Release|Mixed Platforms.ActiveCfg = Release|Any CPU
		{ABEDB158-1482-4BA3-96F3-9B17B7605D54}.Release|Mixed Platforms.Build.0 = Release|Any CPU
		{ABEDB158-1482-4BA3-96F3-9B17B7605D54}.Release|x86.ActiveCfg = Release|Any CPU
		{67C1E3C4-5998-4EBE-87AA-E5F80DDDDBB3}.Debug|Any CPU.ActiveCfg = Debug|Any CPU
		{67C1E3C4-5998-4EBE-87AA-E5F80DDDDBB3}.Debug|Any CPU.Build.0 = Debug|Any CPU
		{67C1E3C4-5998-4EBE-87AA-E5F80DDDDBB3}.Debug|Mixed Platforms.ActiveCfg = Debug|Any CPU
		{67C1E3C4-5998-4EBE-87AA-E5F80DDDDBB3}.Debug|Mixed Platforms.Build.0 = Debug|Any CPU
		{67C1E3C4-5998-4EBE-87AA-E5F80DDDDBB3}.Debug|x86.ActiveCfg = Debug|Any CPU
		{67C1E3C4-5998-4EBE-87AA-E5F80DDDDBB3}.Release|Any CPU.ActiveCfg = Release|Any CPU
		{67C1E3C4-5998-4EBE-87AA-E5F80DDDDBB3}.Release|Any CPU.Build.0 = Release|Any CPU
		{67C1E3C4-5998-4EBE-87AA-E5F80DDDDBB3}.Release|Mixed Platforms.ActiveCfg = Release|Any CPU
		{67C1E3C4-5998-4EBE-87AA-E5F80DDDDBB3}.Release|Mixed Platforms.Build.0 = Release|Any CPU
		{67C1E3C4-5998-4EBE-87AA-E5F80DDDDBB3}.Release|x86.ActiveCfg = Release|Any CPU
	EndGlobalSection
	GlobalSection(SolutionProperties) = preSolution
		HideSolutionNode = FALSE
	EndGlobalSection
	GlobalSection(NestedProjects) = preSolution
		{54FAA86C-ABEF-48AE-AE29-60FA108AD12B} = {69DE32A4-0913-4B75-B8DD-6953FB042E45}
		{A50B4111-AA72-4C38-8620-5D1A23274C52} = {69DE32A4-0913-4B75-B8DD-6953FB042E45}
		{E39CC258-57A8-4C7A-BA9A-65CE039D518D} = {69DE32A4-0913-4B75-B8DD-6953FB042E45}
		{E21FB741-C303-4E54-BA6F-D5128B0408CE} = {69DE32A4-0913-4B75-B8DD-6953FB042E45}
		{F44E3D99-0AE7-4D35-95AD-EA38599CACC7} = {69DE32A4-0913-4B75-B8DD-6953FB042E45}
		{1EBC6534-E249-4341-9760-096E64D004E5} = {69DE32A4-0913-4B75-B8DD-6953FB042E45}
		{6F885367-B0A8-49C5-9EF5-1EC1F63D8928} = {69DE32A4-0913-4B75-B8DD-6953FB042E45}
		{59F15884-6CDD-4B89-8C07-E779F582AD91} = {69DE32A4-0913-4B75-B8DD-6953FB042E45}
		{2A486805-DD77-463E-904E-D4A27060A437} = {69DE32A4-0913-4B75-B8DD-6953FB042E45}
		{2057C131-EC41-4F81-B77D-166720F80CA3} = {69DE32A4-0913-4B75-B8DD-6953FB042E45}
		{ABEDB158-1482-4BA3-96F3-9B17B7605D54} = {69DE32A4-0913-4B75-B8DD-6953FB042E45}
		{67C1E3C4-5998-4EBE-87AA-E5F80DDDDBB3} = {69DE32A4-0913-4B75-B8DD-6953FB042E45}
	EndGlobalSection
EndGlobal
